
Microsoft Visual Studio Solution File, Format Version 12.00
# Visual Studio Version 17
VisualStudioVersion = 17.14.36811.4 d17.14
MinimumVisualStudioVersion = 10.0.40219.1
Project("{FAE04EC0-301F-11D3-BF4B-00C04F79EFBC}") = "FirstProgram", "FirstProgram\FirstProgram.csproj", "{0977A13E-F69C-455D-9127-BFBDC7335A93}"
EndProject
Global
	GlobalSection(SolutionConfigurationPlatforms) = preSolution
		Debug|Any CPU = Debug|Any CPU
		Release|Any CPU = Release|Any CPU
	EndGlobalSection
	GlobalSection(ProjectConfigurationPlatforms) = postSolution
		{0977A13E-F69C-455D-9127-BFBDC7335A93}.Debug|Any CPU.ActiveCfg = Debug|Any CPU
		{0977A13E-F69C-455D-9127-BFBDC7335A93}.Debug|Any CPU.Build.0 = Debug|Any CPU
		{0977A13E-F69C-455D-9127-BFBDC7335A93}.Release|Any CPU.ActiveCfg = Release|Any CPU
		{0977A13E-F69C-455D-9127-BFBDC7335A93}.Release|Any CPU.Build.0 = Release|Any CPU
	EndGlobalSection
	GlobalSection(SolutionProperties) = preSolution
		HideSolutionNode = FALSE
	EndGlobalSection
	GlobalSection(ExtensibilityGlobals) = postSolution
		SolutionGuid = {B524D99D-0F98-4FAA-9044-F222C333DCF9}
	EndGlobalSection
EndGlobal
